// !$*UTF8*$!
{
	archiveVersion = 1;
	classes = {
	};
	objectVersion = 52;
	objects = {

/* Begin PBXBuildFile section */
		9F30000625D50E1700CA64A5 /* SwiftyJSON in Frameworks */ = {isa = PBXBuildFile; productRef = 9F30000525D50E1700CA64A5 /* SwiftyJSON */; };
		9F30000D25D5236800CA64A5 /* Settings.swift in Sources */ = {isa = PBXBuildFile; fileRef = 9F30000C25D5236800CA64A5 /* Settings.swift */; };
		9F30FFF525D4EF7700CA64A5 /* TweetClassifier.mlmodel in Sources */ = {isa = PBXBuildFile; fileRef = 9F30FFF425D4EF7700CA64A5 /* TweetClassifier.mlmodel */; };
		9F30FFFA25D4F58000CA64A5 /* Swifter in Frameworks */ = {isa = PBXBuildFile; productRef = 9F30FFF925D4F58000CA64A5 /* Swifter */; };
		9F30FFFD25D4F84100CA64A5 /* Settings.plist in Resources */ = {isa = PBXBuildFile; fileRef = 9F30FFFC25D4F84100CA64A5 /* Settings.plist */; };
		9FD5108825D4D4FD004C07C8 /* AppDelegate.swift in Sources */ = {isa = PBXBuildFile; fileRef = 9FD5108725D4D4FD004C07C8 /* AppDelegate.swift */; };
		9FD5108A25D4D4FD004C07C8 /* SceneDelegate.swift in Sources */ = {isa = PBXBuildFile; fileRef = 9FD5108925D4D4FD004C07C8 /* SceneDelegate.swift */; };
		9FD5108C25D4D4FD004C07C8 /* ViewController.swift in Sources */ = {isa = PBXBuildFile; fileRef = 9FD5108B25D4D4FD004C07C8 /* ViewController.swift */; };
		9FD5108F25D4D4FD004C07C8 /* Main.storyboard in Resources */ = {isa = PBXBuildFile; fileRef = 9FD5108D25D4D4FD004C07C8 /* Main.storyboard */; };
		9FD5109125D4D4FE004C07C8 /* Assets.xcassets in Resources */ = {isa = PBXBuildFile; fileRef = 9FD5109025D4D4FE004C07C8 /* Assets.xcassets */; };
		9FD5109425D4D4FE004C07C8 /* LaunchScreen.storyboard in Resources */ = {isa = PBXBuildFile; fileRef = 9FD5109225D4D4FE004C07C8 /* LaunchScreen.storyboard */; };
/* End PBXBuildFile section */

/* Begin PBXFileReference section */
		9F30000C25D5236800CA64A5 /* Settings.swift */ = {isa = PBXFileReference; lastKnownFileType = sourcecode.swift; path = Settings.swift; sourceTree = "<group>"; };
		9F30FFF425D4EF7700CA64A5 /* TweetClassifier.mlmodel */ = {isa = PBXFileReference; lastKnownFileType = file.mlmodel; path = TweetClassifier.mlmodel; sourceTree = SOURCE_ROOT; };
		9F30FFFC25D4F84100CA64A5 /* Settings.plist */ = {isa = PBXFileReference; lastKnownFileType = text.plist.xml; path = Settings.plist; sourceTree = "<group>"; };
		9FD5108425D4D4FD004C07C8 /* twitter-hashtag-analytics.app */ = {isa = PBXFileReference; explicitFileType = wrapper.application; includeInIndex = 0; path = "twitter-hashtag-analytics.app"; sourceTree = BUILT_PRODUCTS_DIR; };
		9FD5108725D4D4FD004C07C8 /* AppDelegate.swift */ = {isa = PBXFileReference; lastKnownFileType = sourcecode.swift; path = AppDelegate.swift; sourceTree = "<group>"; };
		9FD5108925D4D4FD004C07C8 /* SceneDelegate.swift */ = {isa = PBXFileReference; lastKnownFileType = sourcecode.swift; path = SceneDelegate.swift; sourceTree = "<group>"; };
		9FD5108B25D4D4FD004C07C8 /* ViewController.swift */ = {isa = PBXFileReference; lastKnownFileType = sourcecode.swift; path = ViewController.swift; sourceTree = "<group>"; };
		9FD5108E25D4D4FD004C07C8 /* Base */ = {isa = PBXFileReference; lastKnownFileType = file.storyboard; name = Base; path = Base.lproj/Main.storyboard; sourceTree = "<group>"; };
		9FD5109025D4D4FE004C07C8 /* Assets.xcassets */ = {isa = PBXFileReference; lastKnownFileType = folder.assetcatalog; path = Assets.xcassets; sourceTree = "<group>"; };
		9FD5109325D4D4FE004C07C8 /* Base */ = {isa = PBXFileReference; lastKnownFileType = file.storyboard; name = Base; path = Base.lproj/LaunchScreen.storyboard; sourceTree = "<group>"; };
		9FD5109525D4D4FE004C07C8 /* Info.plist */ = {isa = PBXFileReference; lastKnownFileType = text.plist.xml; path = Info.plist; sourceTree = "<group>"; };
/* End PBXFileReference section */

/* Begin PBXFrameworksBuildPhase section */
		9FD5108125D4D4FD004C07C8 /* Frameworks */ = {
			isa = PBXFrameworksBuildPhase;
			buildActionMask = 2147483647;
			files = (
				9F30000625D50E1700CA64A5 /* SwiftyJSON in Frameworks */,
				9F30FFFA25D4F58000CA64A5 /* Swifter in Frameworks */,
			);
			runOnlyForDeploymentPostprocessing = 0;
		};
/* End PBXFrameworksBuildPhase section */

/* Begin PBXGroup section */
		9F30000825D51D8A00CA64A5 /* Model */ = {
			isa = PBXGroup;
			children = (
				9F30000C25D5236800CA64A5 /* Settings.swift */,
			);
			path = Model;
			sourceTree = "<group>";
		};
		9FD5107B25D4D4FC004C07C8 = {
			isa = PBXGroup;
			children = (
				9FD5108625D4D4FD004C07C8 /* twitter-hashtag-analytics */,
				9FD5108525D4D4FD004C07C8 /* Products */,
			);
			sourceTree = "<group>";
		};
		9FD5108525D4D4FD004C07C8 /* Products */ = {
			isa = PBXGroup;
			children = (
				9FD5108425D4D4FD004C07C8 /* twitter-hashtag-analytics.app */,
			);
			name = Products;
			sourceTree = "<group>";
		};
		9FD5108625D4D4FD004C07C8 /* twitter-hashtag-analytics */ = {
			isa = PBXGroup;
			children = (
				9F30000825D51D8A00CA64A5 /* Model */,
				9FD5108725D4D4FD004C07C8 /* AppDelegate.swift */,
				9FD5108925D4D4FD004C07C8 /* SceneDelegate.swift */,
				9FD5108B25D4D4FD004C07C8 /* ViewController.swift */,
				9FD5108D25D4D4FD004C07C8 /* Main.storyboard */,
				9F30FFF425D4EF7700CA64A5 /* TweetClassifier.mlmodel */,
				9FD5109025D4D4FE004C07C8 /* Assets.xcassets */,
				9FD5109225D4D4FE004C07C8 /* LaunchScreen.storyboard */,
				9FD5109525D4D4FE004C07C8 /* Info.plist */,
				9F30FFFC25D4F84100CA64A5 /* Settings.plist */,
			);
			path = "twitter-hashtag-analytics";
			sourceTree = "<group>";
		};
/* End PBXGroup section */

/* Begin PBXNativeTarget section */
		9FD5108325D4D4FD004C07C8 /* twitter-hashtag-analytics */ = {
			isa = PBXNativeTarget;
			buildConfigurationList = 9FD5109825D4D4FE004C07C8 /* Build configuration list for PBXNativeTarget "twitter-hashtag-analytics" */;
			buildPhases = (
				9FD5108025D4D4FD004C07C8 /* Sources */,
				9FD5108125D4D4FD004C07C8 /* Frameworks */,
				9FD5108225D4D4FD004C07C8 /* Resources */,
			);
			buildRules = (
			);
			dependencies = (
			);
			name = "twitter-hashtag-analytics";
			packageProductDependencies = (
				9F30FFF925D4F58000CA64A5 /* Swifter */,
				9F30000525D50E1700CA64A5 /* SwiftyJSON */,
			);
			productName = "twitter-hashtag-analytics";
			productReference = 9FD5108425D4D4FD004C07C8 /* twitter-hashtag-analytics.app */;
			productType = "com.apple.product-type.application";
		};
/* End PBXNativeTarget section */

/* Begin PBXProject section */
		9FD5107C25D4D4FD004C07C8 /* Project object */ = {
			isa = PBXProject;
			attributes = {
				LastSwiftUpdateCheck = 1240;
				LastUpgradeCheck = 1240;
				TargetAttributes = {
					9FD5108325D4D4FD004C07C8 = {
						CreatedOnToolsVersion = 12.4;
					};
				};
			};
			buildConfigurationList = 9FD5107F25D4D4FD004C07C8 /* Build configuration list for PBXProject "twitter-hashtag-analytics" */;
			compatibilityVersion = "Xcode 9.3";
			developmentRegion = en;
			hasScannedForEncodings = 0;
			knownRegions = (
				en,
				Base,
			);
			mainGroup = 9FD5107B25D4D4FC004C07C8;
			packageReferences = (
				9F30FFF825D4F58000CA64A5 /* XCRemoteSwiftPackageReference "Swifter" */,
				9F30000425D50E1700CA64A5 /* XCRemoteSwiftPackageReference "SwiftyJSON" */,
			);
			productRefGroup = 9FD5108525D4D4FD004C07C8 /* Products */;
			projectDirPath = "";
			projectRoot = "";
			targets = (
				9FD5108325D4D4FD004C07C8 /* twitter-hashtag-analytics */,
			);
		};
/* End PBXProject section */

/* Begin PBXResourcesBuildPhase section */
		9FD5108225D4D4FD004C07C8 /* Resources */ = {
			isa = PBXResourcesBuildPhase;
			buildActionMask = 2147483647;
			files = (
				9FD5109425D4D4FE004C07C8 /* LaunchScreen.storyboard in Resources */,
				9FD5109125D4D4FE004C07C8 /* Assets.xcassets in Resources */,
				9F30FFFD25D4F84100CA64A5 /* Settings.plist in Resources */,
				9FD5108F25D4D4FD004C07C8 /* Main.storyboard in Resources */,
			);
			runOnlyForDeploymentPostprocessing = 0;
		};
/* End PBXResourcesBuildPhase section */

/* Begin PBXSourcesBuildPhase section */
		9FD5108025D4D4FD004C07C8 /* Sources */ = {
			isa = PBXSourcesBuildPhase;
			buildActionMask = 2147483647;
			files = (
				9FD5108C25D4D4FD004C07C8 /* ViewController.swift in Sources */,
				9F30FFF525D4EF7700CA64A5 /* TweetClassifier.mlmodel in Sources */,
				9FD5108825D4D4FD004C07C8 /* AppDelegate.swift in Sources */,
				9FD5108A25D4D4FD004C07C8 /* SceneDelegate.swift in Sources */,
				9F30000D25D5236800CA64A5 /* Settings.swift in Sources */,
			);
			runOnlyForDeploymentPostprocessing = 0;
		};
/* End PBXSourcesBuildPhase section */

/* Begin PBXVariantGroup section */
		9FD5108D25D4D4FD004C07C8 /* Main.storyboard */ = {
			isa = PBXVariantGroup;
			children = (
				9FD5108E25D4D4FD004C07C8 /* Base */,
			);
			name = Main.storyboard;
			sourceTree = "<group>";
		};
		9FD5109225D4D4FE004C07C8 /* LaunchScreen.storyboard */ = {
			isa = PBXVariantGroup;
			children = (
				9FD5109325D4D4FE004C07C8 /* Base */,
			);
			name = LaunchScreen.storyboard;
			sourceTree = "<group>";
		};
/* End PBXVariantGroup section */

/* Begin XCBuildConfiguration section */
		9FD5109625D4D4FE004C07C8 /* Debug */ = {
			isa = XCBuildConfiguration;
			buildSettings = {
				ALWAYS_SEARCH_USER_PATHS = NO;
				CLANG_ANALYZER_NONNULL = YES;
				CLANG_ANALYZER_NUMBER_OBJECT_CONVERSION = YES_AGGRESSIVE;
				CLANG_CXX_LANGUAGE_STANDARD = "gnu++14";
				CLANG_CXX_LIBRARY = "libc++";
				CLANG_ENABLE_MODULES = YES;
				CLANG_ENABLE_OBJC_ARC = YES;
				CLANG_ENABLE_OBJC_WEAK = YES;
				CLANG_WARN_BLOCK_CAPTURE_AUTORELEASING = YES;
				CLANG_WARN_BOOL_CONVERSION = YES;
				CLANG_WARN_COMMA = YES;
				CLANG_WARN_CONSTANT_CONVERSION = YES;
				CLANG_WARN_DEPRECATED_OBJC_IMPLEMENTATIONS = YES;
				CLANG_WARN_DIRECT_OBJC_ISA_USAGE = YES_ERROR;
				CLANG_WARN_DOCUMENTATION_COMMENTS = YES;
				CLANG_WARN_EMPTY_BODY = YES;
				CLANG_WARN_ENUM_CONVERSION = YES;
				CLANG_WARN_INFINITE_RECURSION = YES;
				CLANG_WARN_INT_CONVERSION = YES;
				CLANG_WARN_NON_LITERAL_NULL_CONVERSION = YES;
				CLANG_WARN_OBJC_IMPLICIT_RETAIN_SELF = YES;
				CLANG_WARN_OBJC_LITERAL_CONVERSION = YES;
				CLANG_WARN_OBJC_ROOT_CLASS = YES_ERROR;
				CLANG_WARN_QUOTED_INCLUDE_IN_FRAMEWORK_HEADER = YES;
				CLANG_WARN_RANGE_LOOP_ANALYSIS = YES;
				CLANG_WARN_STRICT_PROTOTYPES = YES;
				CLANG_WARN_SUSPICIOUS_MOVE = YES;
				CLANG_WARN_UNGUARDED_AVAILABILITY = YES_AGGRESSIVE;
				CLANG_WARN_UNREACHABLE_CODE = YES;
				CLANG_WARN__DUPLICATE_METHOD_MATCH = YES;
				COPY_PHASE_STRIP = NO;
				DEBUG_INFORMATION_FORMAT = dwarf;
				ENABLE_STRICT_OBJC_MSGSEND = YES;
				ENABLE_TESTABILITY = YES;
				GCC_C_LANGUAGE_STANDARD = gnu11;
				GCC_DYNAMIC_NO_PIC = NO;
				GCC_NO_COMMON_BLOCKS = YES;
				GCC_OPTIMIZATION_LEVEL = 0;
				GCC_PREPROCESSOR_DEFINITIONS = (
					"DEBUG=1",
					"$(inherited)",
				);
				GCC_WARN_64_TO_32_BIT_CONVERSION = YES;
				GCC_WARN_ABOUT_RETURN_TYPE = YES_ERROR;
				GCC_WARN_UNDECLARED_SELECTOR = YES;
				GCC_WARN_UNINITIALIZED_AUTOS = YES_AGGRESSIVE;
				GCC_WARN_UNUSED_FUNCTION = YES;
				GCC_WARN_UNUSED_VARIABLE = YES;
				IPHONEOS_DEPLOYMENT_TARGET = 14.4;
				MTL_ENABLE_DEBUG_INFO = INCLUDE_SOURCE;
				MTL_FAST_MATH = YES;
				ONLY_ACTIVE_ARCH = YES;
				SDKROOT = iphoneos;
				SWIFT_ACTIVE_COMPILATION_CONDITIONS = DEBUG;
				SWIFT_OPTIMIZATION_LEVEL = "-Onone";
			};
			name = Debug;
		};
		9FD5109725D4D4FE004C07C8 /* Release */ = {
			isa = XCBuildConfiguration;
			buildSettings = {
				ALWAYS_SEARCH_USER_PATHS = NO;
				CLANG_ANALYZER_NONNULL = YES;
				CLANG_ANALYZER_NUMBER_OBJECT_CONVERSION = YES_AGGRESSIVE;
				CLANG_CXX_LANGUAGE_STANDARD = "gnu++14";
				CLANG_CXX_LIBRARY = "libc++";
				CLANG_ENABLE_MODULES = YES;
				CLANG_ENABLE_OBJC_ARC = YES;
				CLANG_ENABLE_OBJC_WEAK = YES;
				CLANG_WARN_BLOCK_CAPTURE_AUTORELEASING = YES;
				CLANG_WARN_BOOL_CONVERSION = YES;
				CLANG_WARN_COMMA = YES;
				CLANG_WARN_CONSTANT_CONVERSION = YES;
				CLANG_WARN_DEPRECATED_OBJC_IMPLEMENTATIONS = YES;
				CLANG_WARN_DIRECT_OBJC_ISA_USAGE = YES_ERROR;
				CLANG_WARN_DOCUMENTATION_COMMENTS = YES;
				CLANG_WARN_EMPTY_BODY = YES;
				CLANG_WARN_ENUM_CONVERSION = YES;
				CLANG_WARN_INFINITE_RECURSION = YES;
				CLANG_WARN_INT_CONVERSION = YES;
				CLANG_WARN_NON_LITERAL_NULL_CONVERSION = YES;
				CLANG_WARN_OBJC_IMPLICIT_RETAIN_SELF = YES;
				CLANG_WARN_OBJC_LITERAL_CONVERSION = YES;
				CLANG_WARN_OBJC_ROOT_CLASS = YES_ERROR;
				CLANG_WARN_QUOTED_INCLUDE_IN_FRAMEWORK_HEADER = YES;
				CLANG_WARN_RANGE_LOOP_ANALYSIS = YES;
				CLANG_WARN_STRICT_PROTOTYPES = YES;
				CLANG_WARN_SUSPICIOUS_MOVE = YES;
				CLANG_WARN_UNGUARDED_AVAILABILITY = YES_AGGRESSIVE;
				CLANG_WARN_UNREACHABLE_CODE = YES;
				CLANG_WARN__DUPLICATE_METHOD_MATCH = YES;
				COPY_PHASE_STRIP = NO;
				DEBUG_INFORMATION_FORMAT = "dwarf-with-dsym";
				ENABLE_NS_ASSERTIONS = NO;
				ENABLE_STRICT_OBJC_MSGSEND = YES;
				GCC_C_LANGUAGE_STANDARD = gnu11;
				GCC_NO_COMMON_BLOCKS = YES;
				GCC_WARN_64_TO_32_BIT_CONVERSION = YES;
				GCC_WARN_ABOUT_RETURN_TYPE = YES_ERROR;
				GCC_WARN_UNDECLARED_SELECTOR = YES;
				GCC_WARN_UNINITIALIZED_AUTOS = YES_AGGRESSIVE;
				GCC_WARN_UNUSED_FUNCTION = YES;
				GCC_WARN_UNUSED_VARIABLE = YES;
				IPHONEOS_DEPLOYMENT_TARGET = 14.4;
				MTL_ENABLE_DEBUG_INFO = NO;
				MTL_FAST_MATH = YES;
				SDKROOT = iphoneos;
				SWIFT_COMPILATION_MODE = wholemodule;
				SWIFT_OPTIMIZATION_LEVEL = "-O";
				VALIDATE_PRODUCT = YES;
			};
			name = Release;
		};
		9FD5109925D4D4FE004C07C8 /* Debug */ = {
			isa = XCBuildConfiguration;
			buildSettings = {
				ASSETCATALOG_COMPILER_APPICON_NAME = AppIcon;
				ASSETCATALOG_COMPILER_GLOBAL_ACCENT_COLOR_NAME = AccentColor;
				CODE_SIGN_STYLE = Automatic;
				DEVELOPMENT_TEAM = 4L2695C228;
				INFOPLIST_FILE = "twitter-hashtag-analytics/Info.plist";
				LD_RUNPATH_SEARCH_PATHS = (
					"$(inherited)",
					"@executable_path/Frameworks",
				);
				PRODUCT_BUNDLE_IDENTIFIER = "com.tedhyeong.twitter-hashtag-analytics";
				PRODUCT_NAME = "$(TARGET_NAME)";
				SWIFT_VERSION = 5.0;
				TARGETED_DEVICE_FAMILY = "1,2";
			};
			name = Debug;
		};
		9FD5109A25D4D4FE004C07C8 /* Release */ = {
			isa = XCBuildConfiguration;
			buildSettings = {
				ASSETCATALOG_COMPILER_APPICON_NAME = AppIcon;
				ASSETCATALOG_COMPILER_GLOBAL_ACCENT_COLOR_NAME = AccentColor;
				CODE_SIGN_STYLE = Automatic;
				DEVELOPMENT_TEAM = 4L2695C228;
				INFOPLIST_FILE = "twitter-hashtag-analytics/Info.plist";
				LD_RUNPATH_SEARCH_PATHS = (
					"$(inherited)",
					"@executable_path/Frameworks",
				);
				PRODUCT_BUNDLE_IDENTIFIER = "com.tedhyeong.twitter-hashtag-analytics";
				PRODUCT_NAME = "$(TARGET_NAME)";
				SWIFT_VERSION = 5.0;
				TARGETED_DEVICE_FAMILY = "1,2";
			};
			name = Release;
		};
/* End XCBuildConfiguration section */

/* Begin XCConfigurationList section */
		9FD5107F25D4D4FD004C07C8 /* Build configuration list for PBXProject "twitter-hashtag-analytics" */ = {
			isa = XCConfigurationList;
			buildConfigurations = (
				9FD5109625D4D4FE004C07C8 /* Debug */,
				9FD5109725D4D4FE004C07C8 /* Release */,
			);
			defaultConfigurationIsVisible = 0;
			defaultConfigurationName = Release;
		};
		9FD5109825D4D4FE004C07C8 /* Build configuration list for PBXNativeTarget "twitter-hashtag-analytics" */ = {
			isa = XCConfigurationList;
			buildConfigurations = (
				9FD5109925D4D4FE004C07C8 /* Debug */,
				9FD5109A25D4D4FE004C07C8 /* Release */,
			);
			defaultConfigurationIsVisible = 0;
			defaultConfigurationName = Release;
		};
/* End XCConfigurationList section */

/* Begin XCRemoteSwiftPackageReference section */
		9F30000425D50E1700CA64A5 /* XCRemoteSwiftPackageReference "SwiftyJSON" */ = {
			isa = XCRemoteSwiftPackageReference;
			repositoryURL = "https://github.com/SwiftyJSON/SwiftyJSON.git";
			requirement = {
				kind = upToNextMajorVersion;
				minimumVersion = 5.0.0;
			};
		};
		9F30FFF825D4F58000CA64A5 /* XCRemoteSwiftPackageReference "Swifter" */ = {
			isa = XCRemoteSwiftPackageReference;
			repositoryURL = "https://github.com/mattdonnelly/Swifter.git";
			requirement = {
				kind = upToNextMajorVersion;
				minimumVersion = 2.5.0;
			};
		};
/* End XCRemoteSwiftPackageReference section */

/* Begin XCSwiftPackageProductDependency section */
		9F30000525D50E1700CA64A5 /* SwiftyJSON */ = {
			isa = XCSwiftPackageProductDependency;
			package = 9F30000425D50E1700CA64A5 /* XCRemoteSwiftPackageReference "SwiftyJSON" */;
			productName = SwiftyJSON;
		};
		9F30FFF925D4F58000CA64A5 /* Swifter */ = {
			isa = XCSwiftPackageProductDependency;
			package = 9F30FFF825D4F58000CA64A5 /* XCRemoteSwiftPackageReference "Swifter" */;
			productName = Swifter;
		};
/* End XCSwiftPackageProductDependency section */
	};
	rootObject = 9FD5107C25D4D4FD004C07C8 /* Project object */;
}
